
Microsoft Visual Studio Solution File, Format Version 12.00
# Visual Studio Version 17
VisualStudioVersion = 17.13.35931.197
MinimumVisualStudioVersion = 10.0.40219.1
Project("{FAE04EC0-301F-11D3-BF4B-00C04F79EFBC}") = "ExceptionFailures.ConsoleClient", "ExceptionFailures.ConsoleClient\ExceptionFailures.ConsoleClient.csproj", "{AADB2E86-DBCC-4C55-ACDB-A23351141F57}"
EndProject
Project("{FAE04EC0-301F-11D3-BF4B-00C04F79EFBC}") = "ExceptionFailures.WebServer", "ExceptionFailures.WebServer\ExceptionFailures.WebServer.csproj", "{1DA01CF5-DFEE-4977-B98B-64477922282D}"
EndProject
Project("{FAE04EC0-301F-11D3-BF4B-00C04F79EFBC}") = "ExceptionFailures.Application", "ExceptionFailures.Application\ExceptionFailures.Application.csproj", "{4CA5B88D-56D1-4EF4-9E65-3EBB28D9474B}"
EndProject
Project("{2150E333-8FDC-42A3-9474-1A3956D46DE8}") = "01-Console Client", "01-Console Client", "{02EA681E-C7D8-13C7-8484-4AC65E1B71E8}"
EndProject
Project("{2150E333-8FDC-42A3-9474-1A3956D46DE8}") = "02- Web Server", "02- Web Server", "{E65B0508-CC97-439F-A9EF-5949C3F461B7}"
EndProject
Project("{2150E333-8FDC-42A3-9474-1A3956D46DE8}") = "03-Application", "03-Application", "{C1C1BC16-3895-42DA-AAE0-6976528E4810}"
EndProject
Project("{FAE04EC0-301F-11D3-BF4B-00C04F79EFBC}") = "ExceptionFailures.Contracts", "ExceptionFailures.Contracts\ExceptionFailures.Contracts.csproj", "{F0D912D2-2BB2-4AFA-8BFF-80E06CE078C0}"
EndProject
Project("{2150E333-8FDC-42A3-9474-1A3956D46DE8}") = "04-Infrastructure", "04-Infrastructure", "{728CECC2-AC76-416C-A57D-8CD02350515C}"
EndProject
Project("{FAE04EC0-301F-11D3-BF4B-00C04F79EFBC}") = "ExceptionFailures.Infrastructure", "ExceptionFailures.Infrastructure\ExceptionFailures.Infrastructure.csproj", "{FE5FF8F8-4B32-4305-A411-CC26E6945FD9}"
EndProject
Global
	GlobalSection(SolutionConfigurationPlatforms) = preSolution
		Debug|Any CPU = Debug|Any CPU
		Release|Any CPU = Release|Any CPU
	EndGlobalSection
	GlobalSection(ProjectConfigurationPlatforms) = postSolution
		{AADB2E86-DBCC-4C55-ACDB-A23351141F57}.Debug|Any CPU.ActiveCfg = Debug|Any CPU
		{AADB2E86-DBCC-4C55-ACDB-A23351141F57}.Debug|Any CPU.Build.0 = Debug|Any CPU
		{AADB2E86-DBCC-4C55-ACDB-A23351141F57}.Release|Any CPU.ActiveCfg = Release|Any CPU
		{AADB2E86-DBCC-4C55-ACDB-A23351141F57}.Release|Any CPU.Build.0 = Release|Any CPU
		{1DA01CF5-DFEE-4977-B98B-64477922282D}.Debug|Any CPU.ActiveCfg = Debug|Any CPU
		{1DA01CF5-DFEE-4977-B98B-64477922282D}.Debug|Any CPU.Build.0 = Debug|Any CPU
		{1DA01CF5-DFEE-4977-B98B-64477922282D}.Release|Any CPU.ActiveCfg = Release|Any CPU
		{1DA01CF5-DFEE-4977-B98B-64477922282D}.Release|Any CPU.Build.0 = Release|Any CPU
		{4CA5B88D-56D1-4EF4-9E65-3EBB28D9474B}.Debug|Any CPU.ActiveCfg = Debug|Any CPU
		{4CA5B88D-56D1-4EF4-9E65-3EBB28D9474B}.Debug|Any CPU.Build.0 = Debug|Any CPU
		{4CA5B88D-56D1-4EF4-9E65-3EBB28D9474B}.Release|Any CPU.ActiveCfg = Release|Any CPU
		{4CA5B88D-56D1-4EF4-9E65-3EBB28D9474B}.Release|Any CPU.Build.0 = Release|Any CPU
		{F0D912D2-2BB2-4AFA-8BFF-80E06CE078C0}.Debug|Any CPU.ActiveCfg = Debug|Any CPU
		{F0D912D2-2BB2-4AFA-8BFF-80E06CE078C0}.Debug|Any CPU.Build.0 = Debug|Any CPU
		{F0D912D2-2BB2-4AFA-8BFF-80E06CE078C0}.Release|Any CPU.ActiveCfg = Release|Any CPU
		{F0D912D2-2BB2-4AFA-8BFF-80E06CE078C0}.Release|Any CPU.Build.0 = Release|Any CPU
		{FE5FF8F8-4B32-4305-A411-CC26E6945FD9}.Debug|Any CPU.ActiveCfg = Debug|Any CPU
		{FE5FF8F8-4B32-4305-A411-CC26E6945FD9}.Debug|Any CPU.Build.0 = Debug|Any CPU
		{FE5FF8F8-4B32-4305-A411-CC26E6945FD9}.Release|Any CPU.ActiveCfg = Release|Any CPU
		{FE5FF8F8-4B32-4305-A411-CC26E6945FD9}.Release|Any CPU.Build.0 = Release|Any CPU
	EndGlobalSection
	GlobalSection(SolutionProperties) = preSolution
		HideSolutionNode = FALSE
	EndGlobalSection
	GlobalSection(NestedProjects) = preSolution
		{AADB2E86-DBCC-4C55-ACDB-A23351141F57} = {02EA681E-C7D8-13C7-8484-4AC65E1B71E8}
		{1DA01CF5-DFEE-4977-B98B-64477922282D} = {E65B0508-CC97-439F-A9EF-5949C3F461B7}
		{4CA5B88D-56D1-4EF4-9E65-3EBB28D9474B} = {C1C1BC16-3895-42DA-AAE0-6976528E4810}
		{F0D912D2-2BB2-4AFA-8BFF-80E06CE078C0} = {C1C1BC16-3895-42DA-AAE0-6976528E4810}
		{FE5FF8F8-4B32-4305-A411-CC26E6945FD9} = {728CECC2-AC76-416C-A57D-8CD02350515C}
	EndGlobalSection
	GlobalSection(ExtensibilityGlobals) = postSolution
		SolutionGuid = {E4B15FCB-669C-48DD-BF27-652691D7450C}
	EndGlobalSection
EndGlobal
